
Microsoft Visual Studio Solution File, Format Version 12.00
# Visual Studio 2013
VisualStudioVersion = 12.0.31101.0
MinimumVisualStudioVersion = 10.0.40219.1
Project("{FAE04EC0-301F-11D3-BF4B-00C04F79EFBC}") = "UltraBot", "UltraBot\UltraBot.csproj", "{0279E761-2381-4B5B-BF9D-772D98F0EAC4}"
EndProject
Project("{FAE04EC0-301F-11D3-BF4B-00C04F79EFBC}") = "UltraBotUI", "UltraBotUI\UltraBotUI.csproj", "{2977B15A-8D3B-457F-B18C-F09D842B2601}"
EndProject
Project("{FAE04EC0-301F-11D3-BF4B-00C04F79EFBC}") = "UltraBotHost", "UltraBotHost\UltraBotHost.csproj", "{15F56A95-CB27-4693-A5A4-B805C35317B6}"
EndProject
Project("{FAE04EC0-301F-11D3-BF4B-00C04F79EFBC}") = "UltraBotHook", "UltraBotHook\UltraBotHook.csproj", "{C721680B-4239-48E9-92D1-D73F3F81C946}"
EndProject
Global
	GlobalSection(SolutionConfigurationPlatforms) = preSolution
		Debug|Any CPU = Debug|Any CPU
		Release|Any CPU = Release|Any CPU
	EndGlobalSection
	GlobalSection(ProjectConfigurationPlatforms) = postSolution
		{0279E761-2381-4B5B-BF9D-772D98F0EAC4}.Debug|Any CPU.ActiveCfg = Debug|Any CPU
		{0279E761-2381-4B5B-BF9D-772D98F0EAC4}.Debug|Any CPU.Build.0 = Debug|Any CPU
		{0279E761-2381-4B5B-BF9D-772D98F0EAC4}.Release|Any CPU.ActiveCfg = Release|Any CPU
		{0279E761-2381-4B5B-BF9D-772D98F0EAC4}.Release|Any CPU.Build.0 = Release|Any CPU
		{2977B15A-8D3B-457F-B18C-F09D842B2601}.Debug|Any CPU.ActiveCfg = Debug|Any CPU
		{2977B15A-8D3B-457F-B18C-F09D842B2601}.Debug|Any CPU.Build.0 = Debug|Any CPU
		{2977B15A-8D3B-457F-B18C-F09D842B2601}.Release|Any CPU.ActiveCfg = Release|Any CPU
		{2977B15A-8D3B-457F-B18C-F09D842B2601}.Release|Any CPU.Build.0 = Release|Any CPU
		{15F56A95-CB27-4693-A5A4-B805C35317B6}.Debug|Any CPU.ActiveCfg = Debug|Any CPU
		{15F56A95-CB27-4693-A5A4-B805C35317B6}.Debug|Any CPU.Build.0 = Debug|Any CPU
		{15F56A95-CB27-4693-A5A4-B805C35317B6}.Release|Any CPU.ActiveCfg = Release|Any CPU
		{15F56A95-CB27-4693-A5A4-B805C35317B6}.Release|Any CPU.Build.0 = Release|Any CPU
		{C721680B-4239-48E9-92D1-D73F3F81C946}.Debug|Any CPU.ActiveCfg = Debug|Any CPU
		{C721680B-4239-48E9-92D1-D73F3F81C946}.Debug|Any CPU.Build.0 = Debug|Any CPU
		{C721680B-4239-48E9-92D1-D73F3F81C946}.Release|Any CPU.ActiveCfg = Release|Any CPU
		{C721680B-4239-48E9-92D1-D73F3F81C946}.Release|Any CPU.Build.0 = Release|Any CPU
	EndGlobalSection
	GlobalSection(SolutionProperties) = preSolution
		HideSolutionNode = FALSE
	EndGlobalSection
EndGlobal
